
Microsoft Visual Studio Solution File, Format Version 12.00
# Visual Studio Version 17
VisualStudioVersion = 17.12.35527.113 d17.12
MinimumVisualStudioVersion = 10.0.40219.1
Project("{FAE04EC0-301F-11D3-BF4B-00C04F79EFBC}") = "acunMedyaWeek4", "acunMedyaWeek4\acunMedyaWeek4.csproj", "{D42D5980-4726-436C-8657-F65EBB731691}"
EndProject
Global
	GlobalSection(SolutionConfigurationPlatforms) = preSolution
		Debug|Any CPU = Debug|Any CPU
		Release|Any CPU = Release|Any CPU
	EndGlobalSection
	GlobalSection(ProjectConfigurationPlatforms) = postSolution
		{D42D5980-4726-436C-8657-F65EBB731691}.Debug|Any CPU.ActiveCfg = Debug|Any CPU
		{D42D5980-4726-436C-8657-F65EBB731691}.Debug|Any CPU.Build.0 = Debug|Any CPU
		{D42D5980-4726-436C-8657-F65EBB731691}.Release|Any CPU.ActiveCfg = Release|Any CPU
		{D42D5980-4726-436C-8657-F65EBB731691}.Release|Any CPU.Build.0 = Release|Any CPU
	EndGlobalSection
	GlobalSection(SolutionProperties) = preSolution
		HideSolutionNode = FALSE
	EndGlobalSection
EndGlobal
