
Microsoft Visual Studio Solution File, Format Version 12.00
# Visual Studio Version 17
VisualStudioVersion = 17.13.35825.156 d17.13
MinimumVisualStudioVersion = 10.0.40219.1
Project("{FAE04EC0-301F-11D3-BF4B-00C04F79EFBC}") = "acunMedyaWinform1", "acunMedyaWinform1\acunMedyaWinform1.csproj", "{F3F6DDF7-8834-4B43-953D-10C7AC865BCE}"
EndProject
Global
	GlobalSection(SolutionConfigurationPlatforms) = preSolution
		Debug|Any CPU = Debug|Any CPU
		Release|Any CPU = Release|Any CPU
	EndGlobalSection
	GlobalSection(ProjectConfigurationPlatforms) = postSolution
		{F3F6DDF7-8834-4B43-953D-10C7AC865BCE}.Debug|Any CPU.ActiveCfg = Debug|Any CPU
		{F3F6DDF7-8834-4B43-953D-10C7AC865BCE}.Debug|Any CPU.Build.0 = Debug|Any CPU
		{F3F6DDF7-8834-4B43-953D-10C7AC865BCE}.Release|Any CPU.ActiveCfg = Release|Any CPU
		{F3F6DDF7-8834-4B43-953D-10C7AC865BCE}.Release|Any CPU.Build.0 = Release|Any CPU
	EndGlobalSection
	GlobalSection(SolutionProperties) = preSolution
		HideSolutionNode = FALSE
	EndGlobalSection
	GlobalSection(ExtensibilityGlobals) = postSolution
		SolutionGuid = {378873AF-05A0-49D5-B6D1-07F524FA75D1}
	EndGlobalSection
EndGlobal
