
Microsoft Visual Studio Solution File, Format Version 12.00
# Visual Studio Version 17
VisualStudioVersion = 17.13.35825.156 d17.13
MinimumVisualStudioVersion = 10.0.40219.1
Project("{FAE04EC0-301F-11D3-BF4B-00C04F79EFBC}") = "AcunMedyaAkademi11MayisFormOdevi", "AcunMedyaAkademi11MayisFormOdevi\AcunMedyaAkademi11MayisFormOdevi.csproj", "{56EBE8C7-5747-42F4-982E-A9D1BFCFE3C6}"
EndProject
Global
	GlobalSection(SolutionConfigurationPlatforms) = preSolution
		Debug|Any CPU = Debug|Any CPU
		Release|Any CPU = Release|Any CPU
	EndGlobalSection
	GlobalSection(ProjectConfigurationPlatforms) = postSolution
		{56EBE8C7-5747-42F4-982E-A9D1BFCFE3C6}.Debug|Any CPU.ActiveCfg = Debug|Any CPU
		{56EBE8C7-5747-42F4-982E-A9D1BFCFE3C6}.Debug|Any CPU.Build.0 = Debug|Any CPU
		{56EBE8C7-5747-42F4-982E-A9D1BFCFE3C6}.Release|Any CPU.ActiveCfg = Release|Any CPU
		{56EBE8C7-5747-42F4-982E-A9D1BFCFE3C6}.Release|Any CPU.Build.0 = Release|Any CPU
	EndGlobalSection
	GlobalSection(SolutionProperties) = preSolution
		HideSolutionNode = FALSE
	EndGlobalSection
	GlobalSection(ExtensibilityGlobals) = postSolution
		SolutionGuid = {6AD97380-1270-426D-BCC0-F1D8B133ED59}
	EndGlobalSection
EndGlobal
