
Microsoft Visual Studio Solution File, Format Version 12.00
# Visual Studio Version 17
VisualStudioVersion = 17.13.35825.156 d17.13
MinimumVisualStudioVersion = 10.0.40219.1
Project("{FAE04EC0-301F-11D3-BF4B-00C04F79EFBC}") = "CustomAttributeOdevi", "CustomAttributeOdevi\CustomAttributeOdevi.csproj", "{515AE2A8-B781-43BF-A314-AFECDFC7EFE3}"
EndProject
Global
	GlobalSection(SolutionConfigurationPlatforms) = preSolution
		Debug|Any CPU = Debug|Any CPU
		Release|Any CPU = Release|Any CPU
	EndGlobalSection
	GlobalSection(ProjectConfigurationPlatforms) = postSolution
		{515AE2A8-B781-43BF-A314-AFECDFC7EFE3}.Debug|Any CPU.ActiveCfg = Debug|Any CPU
		{515AE2A8-B781-43BF-A314-AFECDFC7EFE3}.Debug|Any CPU.Build.0 = Debug|Any CPU
		{515AE2A8-B781-43BF-A314-AFECDFC7EFE3}.Release|Any CPU.ActiveCfg = Release|Any CPU
		{515AE2A8-B781-43BF-A314-AFECDFC7EFE3}.Release|Any CPU.Build.0 = Release|Any CPU
	EndGlobalSection
	GlobalSection(SolutionProperties) = preSolution
		HideSolutionNode = FALSE
	EndGlobalSection
	GlobalSection(ExtensibilityGlobals) = postSolution
		SolutionGuid = {00DEBA65-1349-4669-BBC2-919D360F021E}
	EndGlobalSection
EndGlobal
