
Microsoft Visual Studio Solution File, Format Version 12.00
# Visual Studio Version 17
VisualStudioVersion = 17.13.35825.156 d17.13
MinimumVisualStudioVersion = 10.0.40219.1
Project("{FAE04EC0-301F-11D3-BF4B-00C04F79EFBC}") = "helloWorld", "helloWorld\helloWorld.csproj", "{19342AEF-3EE0-4192-B74E-1EF585210A61}"
EndProject
Global
	GlobalSection(SolutionConfigurationPlatforms) = preSolution
		Debug|Any CPU = Debug|Any CPU
		Release|Any CPU = Release|Any CPU
	EndGlobalSection
	GlobalSection(ProjectConfigurationPlatforms) = postSolution
		{19342AEF-3EE0-4192-B74E-1EF585210A61}.Debug|Any CPU.ActiveCfg = Debug|Any CPU
		{19342AEF-3EE0-4192-B74E-1EF585210A61}.Debug|Any CPU.Build.0 = Debug|Any CPU
		{19342AEF-3EE0-4192-B74E-1EF585210A61}.Release|Any CPU.ActiveCfg = Release|Any CPU
		{19342AEF-3EE0-4192-B74E-1EF585210A61}.Release|Any CPU.Build.0 = Release|Any CPU
	EndGlobalSection
	GlobalSection(SolutionProperties) = preSolution
		HideSolutionNode = FALSE
	EndGlobalSection
	GlobalSection(ExtensibilityGlobals) = postSolution
		SolutionGuid = {A7D377B2-4AB7-4B7B-97E0-987EC458D91B}
	EndGlobalSection
EndGlobal
