
Microsoft Visual Studio Solution File, Format Version 12.00
# Visual Studio Version 17
VisualStudioVersion = 17.13.35825.156 d17.13
MinimumVisualStudioVersion = 10.0.40219.1
Project("{FAE04EC0-301F-11D3-BF4B-00C04F79EFBC}") = "hafta5Odev5", "hafta5Odev5\hafta5Odev5.csproj", "{24216669-C18D-4699-8069-33E7313A46CC}"
EndProject
Global
	GlobalSection(SolutionConfigurationPlatforms) = preSolution
		Debug|Any CPU = Debug|Any CPU
		Release|Any CPU = Release|Any CPU
	EndGlobalSection
	GlobalSection(ProjectConfigurationPlatforms) = postSolution
		{24216669-C18D-4699-8069-33E7313A46CC}.Debug|Any CPU.ActiveCfg = Debug|Any CPU
		{24216669-C18D-4699-8069-33E7313A46CC}.Debug|Any CPU.Build.0 = Debug|Any CPU
		{24216669-C18D-4699-8069-33E7313A46CC}.Release|Any CPU.ActiveCfg = Release|Any CPU
		{24216669-C18D-4699-8069-33E7313A46CC}.Release|Any CPU.Build.0 = Release|Any CPU
	EndGlobalSection
	GlobalSection(SolutionProperties) = preSolution
		HideSolutionNode = FALSE
	EndGlobalSection
	GlobalSection(ExtensibilityGlobals) = postSolution
		SolutionGuid = {C8295EFC-3F0E-40F1-A5B7-3DB8CB300B27}
	EndGlobalSection
EndGlobal
